
Microsoft Visual Studio Solution File, Format Version 12.00
# Visual Studio Version 16
VisualStudioVersion = 16.0.31321.278
MinimumVisualStudioVersion = 10.0.40219.1
Project("{FAE04EC0-301F-11D3-BF4B-00C04F79EFBC}") = "DapperORM", "DapperORM\DapperORM.csproj", "{BA0DD151-2711-4808-862F-FCFAE9FE900D}"
EndProject
Global
	GlobalSection(SolutionConfigurationPlatforms) = preSolution
		Debug|Any CPU = Debug|Any CPU
		Release|Any CPU = Release|Any CPU
	EndGlobalSection
	GlobalSection(ProjectConfigurationPlatforms) = postSolution
		{BA0DD151-2711-4808-862F-FCFAE9FE900D}.Debug|Any CPU.ActiveCfg = Debug|Any CPU
		{BA0DD151-2711-4808-862F-FCFAE9FE900D}.Debug|Any CPU.Build.0 = Debug|Any CPU
		{BA0DD151-2711-4808-862F-FCFAE9FE900D}.Release|Any CPU.ActiveCfg = Release|Any CPU
		{BA0DD151-2711-4808-862F-FCFAE9FE900D}.Release|Any CPU.Build.0 = Release|Any CPU
	EndGlobalSection
	GlobalSection(SolutionProperties) = preSolution
		HideSolutionNode = FALSE
	EndGlobalSection
	GlobalSection(ExtensibilityGlobals) = postSolution
		SolutionGuid = {26C49ABB-A781-4B1B-B9DA-A0797838A064}
	EndGlobalSection
EndGlobal
